
Microsoft Visual Studio Solution File, Format Version 12.00
# Visual Studio Version 17
VisualStudioVersion = 17.8.34330.188
MinimumVisualStudioVersion = 10.0.40219.1
Project("{9A19103F-16F7-4668-BE54-9A1E7A4F7556}") = "Models", "SlimBuddy\Models.csproj", "{89F07B06-3D3D-4CC6-AE76-B6047CD32D76}"
EndProject
Project("{9A19103F-16F7-4668-BE54-9A1E7A4F7556}") = "DAL", "DAL\DAL.csproj", "{7AD267CD-335E-40B4-8036-6BE077D3CBF7}"
EndProject
Project("{FAE04EC0-301F-11D3-BF4B-00C04F79EFBC}") = "PL", "PL\PL.csproj", "{A7A45A72-E7A2-409F-8601-1C4BF1191D4E}"
EndProject
Project("{FAE04EC0-301F-11D3-BF4B-00C04F79EFBC}") = "BLL", "BLL\BLL.csproj", "{2B2CEFC0-1012-4859-8C65-926F45A9C475}"
EndProject
Global
	GlobalSection(SolutionConfigurationPlatforms) = preSolution
		Debug|Any CPU = Debug|Any CPU
		Release|Any CPU = Release|Any CPU
	EndGlobalSection
	GlobalSection(ProjectConfigurationPlatforms) = postSolution
		{89F07B06-3D3D-4CC6-AE76-B6047CD32D76}.Debug|Any CPU.ActiveCfg = Debug|Any CPU
		{89F07B06-3D3D-4CC6-AE76-B6047CD32D76}.Debug|Any CPU.Build.0 = Debug|Any CPU
		{89F07B06-3D3D-4CC6-AE76-B6047CD32D76}.Release|Any CPU.ActiveCfg = Release|Any CPU
		{89F07B06-3D3D-4CC6-AE76-B6047CD32D76}.Release|Any CPU.Build.0 = Release|Any CPU
		{7AD267CD-335E-40B4-8036-6BE077D3CBF7}.Debug|Any CPU.ActiveCfg = Debug|Any CPU
		{7AD267CD-335E-40B4-8036-6BE077D3CBF7}.Debug|Any CPU.Build.0 = Debug|Any CPU
		{7AD267CD-335E-40B4-8036-6BE077D3CBF7}.Release|Any CPU.ActiveCfg = Release|Any CPU
		{7AD267CD-335E-40B4-8036-6BE077D3CBF7}.Release|Any CPU.Build.0 = Release|Any CPU
		{A7A45A72-E7A2-409F-8601-1C4BF1191D4E}.Debug|Any CPU.ActiveCfg = Debug|Any CPU
		{A7A45A72-E7A2-409F-8601-1C4BF1191D4E}.Debug|Any CPU.Build.0 = Debug|Any CPU
		{A7A45A72-E7A2-409F-8601-1C4BF1191D4E}.Release|Any CPU.ActiveCfg = Release|Any CPU
		{A7A45A72-E7A2-409F-8601-1C4BF1191D4E}.Release|Any CPU.Build.0 = Release|Any CPU
		{2B2CEFC0-1012-4859-8C65-926F45A9C475}.Debug|Any CPU.ActiveCfg = Debug|Any CPU
		{2B2CEFC0-1012-4859-8C65-926F45A9C475}.Debug|Any CPU.Build.0 = Debug|Any CPU
		{2B2CEFC0-1012-4859-8C65-926F45A9C475}.Release|Any CPU.ActiveCfg = Release|Any CPU
		{2B2CEFC0-1012-4859-8C65-926F45A9C475}.Release|Any CPU.Build.0 = Release|Any CPU
	EndGlobalSection
	GlobalSection(SolutionProperties) = preSolution
		HideSolutionNode = FALSE
	EndGlobalSection
	GlobalSection(ExtensibilityGlobals) = postSolution
		SolutionGuid = {E4CCDD4E-B082-44BA-BFF3-B4A2B84C21BA}
	EndGlobalSection
EndGlobal
